PODS:
  - Actions (0.1.0):
    - HuaTHome
  - HuaTHome (0.1.0)

DEPENDENCIES:
  - Actions (from `../`)

SPEC REPOS:
  https://github.com/XMiHu/Specs:
    - HuaTHome

EXTERNAL SOURCES:
  Actions:
    :path: "../"

SPEC CHECKSUMS:
  Actions: 035b283248a6aa9ea0f002c6149f48b38a21b641
  HuaTHome: 9f522c9ab6c357f3bdcefb4d2817c5cc501783c3

PODFILE CHECKSUM: d239bbcaae338adfb8f6dd585e1d38f2719d0377

COCOAPODS: 1.5.0
